{
  "name": "backApp",
  "version": "0.1.0",
  "lockfileVersion": 1,
  "requires": true,
  "dependencies": {
    "@types/jquery": {
      "version": "3.2.9",
      "resolved": "https://registry.npmjs.org/@types/jquery/-/jquery-3.2.9.tgz",
      "integrity": "sha512-AmYGadmTv+Xh6re2CH5ruyvV3znvtJbhxyT00JQAGFP2U+xgqhf+C2xfjdP/GgK5d9YmSif/UYs2ssMl4gW6fw=="
    }
  }
}
